{
  "name": "enterprise-infra-core",
  "version": "1.0.0",
  "lockfileVersion": 3,
  "requires": true,
  "packages": {
    "": {
      "name": "enterprise-infra-core",
      "version": "1.0.0",
      "workspaces": [
        "API",
        "WEB"
      ]
    },
    "API": {
      "name": "api",
      "version": "1.0.0"
    },
    "node_modules/api": {
      "resolved": "API",
      "link": true
    },
    "node_modules/web": {
      "resolved": "WEB",
      "link": true
    },
    "WEB": {
      "name": "web",
      "version": "1.0.0"
    }
  }
}
